
Microsoft Visual Studio Solution File, Format Version 12.00
# Visual Studio Version 17
VisualStudioVersion = 17.3.32922.545
MinimumVisualStudioVersion = 10.0.40219.1
Project("{FAE04EC0-301F-11D3-BF4B-00C04F79EFBC}") = "CloneDroneSaveEditorConsole", "CloneDroneSaveEditorConsole\CloneDroneSaveEditorConsole.csproj", "{B7735DBF-CE00-461B-B391-4FB13437D368}"
EndProject
Project("{FAE04EC0-301F-11D3-BF4B-00C04F79EFBC}") = "CloneDroneSaveEditor", "CloneDroneSaveEditor\CloneDroneSaveEditor.csproj", "{4D67A54E-2C9F-41AC-ADDA-28AB196958D8}"
EndProject
Global
	GlobalSection(SolutionConfigurationPlatforms) = preSolution
		Debug|Any CPU = Debug|Any CPU
		Release|Any CPU = Release|Any CPU
	EndGlobalSection
	GlobalSection(ProjectConfigurationPlatforms) = postSolution
		{B7735DBF-CE00-461B-B391-4FB13437D368}.Debug|Any CPU.ActiveCfg = Debug|Any CPU
		{B7735DBF-CE00-461B-B391-4FB13437D368}.Debug|Any CPU.Build.0 = Debug|Any CPU
		{B7735DBF-CE00-461B-B391-4FB13437D368}.Release|Any CPU.ActiveCfg = Release|Any CPU
		{B7735DBF-CE00-461B-B391-4FB13437D368}.Release|Any CPU.Build.0 = Release|Any CPU
		{4D67A54E-2C9F-41AC-ADDA-28AB196958D8}.Debug|Any CPU.ActiveCfg = Debug|Any CPU
		{4D67A54E-2C9F-41AC-ADDA-28AB196958D8}.Debug|Any CPU.Build.0 = Debug|Any CPU
		{4D67A54E-2C9F-41AC-ADDA-28AB196958D8}.Release|Any CPU.ActiveCfg = Release|Any CPU
		{4D67A54E-2C9F-41AC-ADDA-28AB196958D8}.Release|Any CPU.Build.0 = Release|Any CPU
	EndGlobalSection
	GlobalSection(SolutionProperties) = preSolution
		HideSolutionNode = FALSE
	EndGlobalSection
	GlobalSection(ExtensibilityGlobals) = postSolution
		SolutionGuid = {8542BA7D-4169-4BC1-B9F8-A20B72446E23}
	EndGlobalSection
EndGlobal
